
Microsoft Visual Studio Solution File, Format Version 12.00
# Visual Studio Version 17
VisualStudioVersion = 17.4.33205.214
MinimumVisualStudioVersion = 10.0.40219.1
Project("{FAE04EC0-301F-11D3-BF4B-00C04F79EFBC}") = "APP", "APP\APP.csproj", "{572C6A99-413E-4674-A948-1A384742A45A}"
EndProject
Global
	GlobalSection(SolutionConfigurationPlatforms) = preSolution
		Debug|Any CPU = Debug|Any CPU
		Release|Any CPU = Release|Any CPU
	EndGlobalSection
	GlobalSection(ProjectConfigurationPlatforms) = postSolution
		{572C6A99-413E-4674-A948-1A384742A45A}.Debug|Any CPU.ActiveCfg = Debug|Any CPU
		{572C6A99-413E-4674-A948-1A384742A45A}.Debug|Any CPU.Build.0 = Debug|Any CPU
		{572C6A99-413E-4674-A948-1A384742A45A}.Release|Any CPU.ActiveCfg = Release|Any CPU
		{572C6A99-413E-4674-A948-1A384742A45A}.Release|Any CPU.Build.0 = Release|Any CPU
	EndGlobalSection
	GlobalSection(SolutionProperties) = preSolution
		HideSolutionNode = FALSE
	EndGlobalSection
	GlobalSection(ExtensibilityGlobals) = postSolution
		SolutionGuid = {75D486A8-5603-43A8-9B0C-E8EE9B1A2A3D}
	EndGlobalSection
EndGlobal
